
Microsoft Visual Studio Solution File, Format Version 12.00
# Visual Studio Version 17
VisualStudioVersion = 17.14.36518.9
MinimumVisualStudioVersion = 10.0.40219.1
Project("{FAE04EC0-301F-11D3-BF4B-00C04F79EFBC}") = "TechnicalTest", "TechnicalTest\TechnicalTest.csproj", "{F719EDF5-31CB-40A7-8917-698CC2434075}"
EndProject
Project("{FAE04EC0-301F-11D3-BF4B-00C04F79EFBC}") = "UnitTest", "UnitTest\UnitTest.csproj", "{835CFA9D-911D-425B-8576-FA3106944CFA}"
EndProject
Global
	GlobalSection(SolutionConfigurationPlatforms) = preSolution
		Debug|Any CPU = Debug|Any CPU
		Release|Any CPU = Release|Any CPU
	EndGlobalSection
	GlobalSection(ProjectConfigurationPlatforms) = postSolution
		{F719EDF5-31CB-40A7-8917-698CC2434075}.Debug|Any CPU.ActiveCfg = Debug|Any CPU
		{F719EDF5-31CB-40A7-8917-698CC2434075}.Debug|Any CPU.Build.0 = Debug|Any CPU
		{F719EDF5-31CB-40A7-8917-698CC2434075}.Release|Any CPU.ActiveCfg = Release|Any CPU
		{F719EDF5-31CB-40A7-8917-698CC2434075}.Release|Any CPU.Build.0 = Release|Any CPU
		{835CFA9D-911D-425B-8576-FA3106944CFA}.Debug|Any CPU.ActiveCfg = Debug|Any CPU
		{835CFA9D-911D-425B-8576-FA3106944CFA}.Debug|Any CPU.Build.0 = Debug|Any CPU
		{835CFA9D-911D-425B-8576-FA3106944CFA}.Release|Any CPU.ActiveCfg = Release|Any CPU
		{835CFA9D-911D-425B-8576-FA3106944CFA}.Release|Any CPU.Build.0 = Release|Any CPU
	EndGlobalSection
	GlobalSection(SolutionProperties) = preSolution
		HideSolutionNode = FALSE
	EndGlobalSection
	GlobalSection(ExtensibilityGlobals) = postSolution
		SolutionGuid = {84CBA946-F786-4059-829D-1E391BE7DB32}
	EndGlobalSection
EndGlobal
